
Microsoft Visual Studio Solution File, Format Version 12.00
# Visual Studio 2010
Project("{FAE04EC0-301F-11D3-BF4B-00C04F79EFBC}") = "BTLCore", "BTLCore\BTLCore.csproj", "{B9D33154-43B9-4637-BBAC-218F3BE12858}"
EndProject
Project("{FAE04EC0-301F-11D3-BF4B-00C04F79EFBC}") = "BTLViewRibbon", "BTLViewRibbon\BTLViewRibbon.csproj", "{3B7A627D-267C-4D74-BC25-8F14E45FD016}"
EndProject
Project("{FAE04EC0-301F-11D3-BF4B-00C04F79EFBC}") = "TestMvvmBinding", "TestMvvmBinding\TestMvvmBinding.csproj", "{87D80D6B-2D9D-42FB-996A-172F4F86A8F8}"
EndProject
Global
	GlobalSection(SolutionConfigurationPlatforms) = preSolution
		Debug|Any CPU = Debug|Any CPU
		Debug|Mixed Platforms = Debug|Mixed Platforms
		Debug|x86 = Debug|x86
		Release|Any CPU = Release|Any CPU
		Release|Mixed Platforms = Release|Mixed Platforms
		Release|x86 = Release|x86
	EndGlobalSection
	GlobalSection(ProjectConfigurationPlatforms) = postSolution
		{B9D33154-43B9-4637-BBAC-218F3BE12858}.Debug|Any CPU.ActiveCfg = Debug|Any CPU
		{B9D33154-43B9-4637-BBAC-218F3BE12858}.Debug|Any CPU.Build.0 = Debug|Any CPU
		{B9D33154-43B9-4637-BBAC-218F3BE12858}.Debug|Mixed Platforms.ActiveCfg = Debug|Any CPU
		{B9D33154-43B9-4637-BBAC-218F3BE12858}.Debug|Mixed Platforms.Build.0 = Debug|Any CPU
		{B9D33154-43B9-4637-BBAC-218F3BE12858}.Debug|x86.ActiveCfg = Debug|Any CPU
		{B9D33154-43B9-4637-BBAC-218F3BE12858}.Release|Any CPU.ActiveCfg = Release|Any CPU
		{B9D33154-43B9-4637-BBAC-218F3BE12858}.Release|Any CPU.Build.0 = Release|Any CPU
		{B9D33154-43B9-4637-BBAC-218F3BE12858}.Release|Mixed Platforms.ActiveCfg = Release|Any CPU
		{B9D33154-43B9-4637-BBAC-218F3BE12858}.Release|Mixed Platforms.Build.0 = Release|Any CPU
		{B9D33154-43B9-4637-BBAC-218F3BE12858}.Release|x86.ActiveCfg = Release|Any CPU
		{3B7A627D-267C-4D74-BC25-8F14E45FD016}.Debug|Any CPU.ActiveCfg = Debug|x86
		{3B7A627D-267C-4D74-BC25-8F14E45FD016}.Debug|Mixed Platforms.ActiveCfg = Debug|x86
		{3B7A627D-267C-4D74-BC25-8F14E45FD016}.Debug|Mixed Platforms.Build.0 = Debug|x86
		{3B7A627D-267C-4D74-BC25-8F14E45FD016}.Debug|x86.ActiveCfg = Debug|x86
		{3B7A627D-267C-4D74-BC25-8F14E45FD016}.Debug|x86.Build.0 = Debug|x86
		{3B7A627D-267C-4D74-BC25-8F14E45FD016}.Release|Any CPU.ActiveCfg = Release|x86
		{3B7A627D-267C-4D74-BC25-8F14E45FD016}.Release|Mixed Platforms.ActiveCfg = Release|x86
		{3B7A627D-267C-4D74-BC25-8F14E45FD016}.Release|Mixed Platforms.Build.0 = Release|x86
		{3B7A627D-267C-4D74-BC25-8F14E45FD016}.Release|x86.ActiveCfg = Release|x86
		{3B7A627D-267C-4D74-BC25-8F14E45FD016}.Release|x86.Build.0 = Release|x86
		{87D80D6B-2D9D-42FB-996A-172F4F86A8F8}.Debug|Any CPU.ActiveCfg = Debug|x86
		{87D80D6B-2D9D-42FB-996A-172F4F86A8F8}.Debug|Mixed Platforms.ActiveCfg = Debug|x86
		{87D80D6B-2D9D-42FB-996A-172F4F86A8F8}.Debug|Mixed Platforms.Build.0 = Debug|x86
		{87D80D6B-2D9D-42FB-996A-172F4F86A8F8}.Debug|x86.ActiveCfg = Debug|x86
		{87D80D6B-2D9D-42FB-996A-172F4F86A8F8}.Debug|x86.Build.0 = Debug|x86
		{87D80D6B-2D9D-42FB-996A-172F4F86A8F8}.Release|Any CPU.ActiveCfg = Release|x86
		{87D80D6B-2D9D-42FB-996A-172F4F86A8F8}.Release|Mixed Platforms.ActiveCfg = Release|x86
		{87D80D6B-2D9D-42FB-996A-172F4F86A8F8}.Release|Mixed Platforms.Build.0 = Release|x86
		{87D80D6B-2D9D-42FB-996A-172F4F86A8F8}.Release|x86.ActiveCfg = Release|x86
		{87D80D6B-2D9D-42FB-996A-172F4F86A8F8}.Release|x86.Build.0 = Release|x86
	EndGlobalSection
	GlobalSection(SolutionProperties) = preSolution
		HideSolutionNode = FALSE
	EndGlobalSection
EndGlobal
